
Microsoft Visual Studio Solution File, Format Version 12.00
# Visual Studio Version 17
VisualStudioVersion = 17.7.34009.444
MinimumVisualStudioVersion = 10.0.40219.1
Project("{FAE04EC0-301F-11D3-BF4B-00C04F79EFBC}") = "DesarrollowebII.Android", "DesarrollowebII\DesarrollowebII.Android\DesarrollowebII.Android.csproj", "{B4380B5A-BC79-48D9-8E77-6939C7B1D40D}"
EndProject
Project("{FAE04EC0-301F-11D3-BF4B-00C04F79EFBC}") = "DesarrollowebII", "DesarrollowebII\DesarrollowebII\DesarrollowebII.csproj", "{5D91D8E8-9065-44E6-B93A-955747AF799D}"
EndProject
Global
	GlobalSection(SolutionConfigurationPlatforms) = preSolution
		Debug|Any CPU = Debug|Any CPU
		Release|Any CPU = Release|Any CPU
	EndGlobalSection
	GlobalSection(ProjectConfigurationPlatforms) = postSolution
		{B4380B5A-BC79-48D9-8E77-6939C7B1D40D}.Debug|Any CPU.ActiveCfg = Debug|Any CPU
		{B4380B5A-BC79-48D9-8E77-6939C7B1D40D}.Debug|Any CPU.Build.0 = Debug|Any CPU
		{B4380B5A-BC79-48D9-8E77-6939C7B1D40D}.Debug|Any CPU.Deploy.0 = Debug|Any CPU
		{B4380B5A-BC79-48D9-8E77-6939C7B1D40D}.Release|Any CPU.ActiveCfg = Release|Any CPU
		{B4380B5A-BC79-48D9-8E77-6939C7B1D40D}.Release|Any CPU.Build.0 = Release|Any CPU
		{B4380B5A-BC79-48D9-8E77-6939C7B1D40D}.Release|Any CPU.Deploy.0 = Release|Any CPU
		{5D91D8E8-9065-44E6-B93A-955747AF799D}.Debug|Any CPU.ActiveCfg = Debug|Any CPU
		{5D91D8E8-9065-44E6-B93A-955747AF799D}.Debug|Any CPU.Build.0 = Debug|Any CPU
		{5D91D8E8-9065-44E6-B93A-955747AF799D}.Debug|Any CPU.Deploy.0 = Debug|Any CPU
		{5D91D8E8-9065-44E6-B93A-955747AF799D}.Release|Any CPU.ActiveCfg = Release|Any CPU
		{5D91D8E8-9065-44E6-B93A-955747AF799D}.Release|Any CPU.Build.0 = Release|Any CPU
		{5D91D8E8-9065-44E6-B93A-955747AF799D}.Release|Any CPU.Deploy.0 = Release|Any CPU
	EndGlobalSection
	GlobalSection(SolutionProperties) = preSolution
		HideSolutionNode = FALSE
	EndGlobalSection
	GlobalSection(ExtensibilityGlobals) = postSolution
		SolutionGuid = {926B485A-B15E-483F-9499-B60D978B08FE}
	EndGlobalSection
EndGlobal
